
Microsoft Visual Studio Solution File, Format Version 12.00
# Visual Studio Version 17
VisualStudioVersion = 17.11.35312.102
MinimumVisualStudioVersion = 10.0.40219.1
Project("{9A19103F-16F7-4668-BE54-9A1E7A4F7556}") = "Program1-FishPurchase", "Assessment2_practice\Program1-FishPurchase.csproj", "{C929D683-89A8-4D2E-B90C-20F416D8EA56}"
EndProject
Project("{9A19103F-16F7-4668-BE54-9A1E7A4F7556}") = "Program2-BabyShopping", "ShoppingCart\Program2-BabyShopping.csproj", "{AA3E42DE-7289-4304-8278-BF05EE49E1F1}"
EndProject
Project("{FAE04EC0-301F-11D3-BF4B-00C04F79EFBC}") = "Program3-Botique", "Botique\Program3-Botique.csproj", "{C3DCA9C3-5160-4CDC-B185-7013C6C5A799}"
EndProject
Global
	GlobalSection(SolutionConfigurationPlatforms) = preSolution
		Debug|Any CPU = Debug|Any CPU
		Release|Any CPU = Release|Any CPU
	EndGlobalSection
	GlobalSection(ProjectConfigurationPlatforms) = postSolution
		{C929D683-89A8-4D2E-B90C-20F416D8EA56}.Debug|Any CPU.ActiveCfg = Debug|Any CPU
		{C929D683-89A8-4D2E-B90C-20F416D8EA56}.Debug|Any CPU.Build.0 = Debug|Any CPU
		{C929D683-89A8-4D2E-B90C-20F416D8EA56}.Release|Any CPU.ActiveCfg = Release|Any CPU
		{C929D683-89A8-4D2E-B90C-20F416D8EA56}.Release|Any CPU.Build.0 = Release|Any CPU
		{AA3E42DE-7289-4304-8278-BF05EE49E1F1}.Debug|Any CPU.ActiveCfg = Debug|Any CPU
		{AA3E42DE-7289-4304-8278-BF05EE49E1F1}.Debug|Any CPU.Build.0 = Debug|Any CPU
		{AA3E42DE-7289-4304-8278-BF05EE49E1F1}.Release|Any CPU.ActiveCfg = Release|Any CPU
		{AA3E42DE-7289-4304-8278-BF05EE49E1F1}.Release|Any CPU.Build.0 = Release|Any CPU
		{C3DCA9C3-5160-4CDC-B185-7013C6C5A799}.Debug|Any CPU.ActiveCfg = Debug|Any CPU
		{C3DCA9C3-5160-4CDC-B185-7013C6C5A799}.Debug|Any CPU.Build.0 = Debug|Any CPU
		{C3DCA9C3-5160-4CDC-B185-7013C6C5A799}.Release|Any CPU.ActiveCfg = Release|Any CPU
		{C3DCA9C3-5160-4CDC-B185-7013C6C5A799}.Release|Any CPU.Build.0 = Release|Any CPU
	EndGlobalSection
	GlobalSection(SolutionProperties) = preSolution
		HideSolutionNode = FALSE
	EndGlobalSection
	GlobalSection(ExtensibilityGlobals) = postSolution
		SolutionGuid = {65D5B470-0D31-42B2-8C73-F782779B260A}
	EndGlobalSection
EndGlobal
